
Microsoft Visual Studio Solution File, Format Version 12.00
# Visual Studio Version 16
VisualStudioVersion = 16.0.29806.167
MinimumVisualStudioVersion = 10.0.40219.1
Project("{9A19103F-16F7-4668-BE54-9A1E7A4F7556}") = "App.Infrastructure", "App.Infrastructure\App.Infrastructure.csproj", "{67A62967-3AAE-4972-8D91-0A397B58BA1D}"
EndProject
Project("{9A19103F-16F7-4668-BE54-9A1E7A4F7556}") = "App.Core", "App.Core\App.Core.csproj", "{8E23B6FE-5DE5-4D05-9407-94101256E491}"
EndProject
Project("{9A19103F-16F7-4668-BE54-9A1E7A4F7556}") = "App.Common", "App.Common\App.Common.csproj", "{B669E5AF-BE7E-4536-8D69-B93698E50B4D}"
EndProject
Project("{9A19103F-16F7-4668-BE54-9A1E7A4F7556}") = "Admin.MVC", "Admin.MVC\Admin.MVC.csproj", "{74C355CE-73BE-4491-9CF2-39E25F6A6FAC}"
EndProject
Project("{9A19103F-16F7-4668-BE54-9A1E7A4F7556}") = "App.API", "App.API\App.API.csproj", "{59391063-4F47-4B0B-8EBE-46E47B328CAD}"
EndProject
Global
	GlobalSection(SolutionConfigurationPlatforms) = preSolution
		Debug|Any CPU = Debug|Any CPU
		Release|Any CPU = Release|Any CPU
	EndGlobalSection
	GlobalSection(ProjectConfigurationPlatforms) = postSolution
		{67A62967-3AAE-4972-8D91-0A397B58BA1D}.Debug|Any CPU.ActiveCfg = Debug|Any CPU
		{67A62967-3AAE-4972-8D91-0A397B58BA1D}.Debug|Any CPU.Build.0 = Debug|Any CPU
		{67A62967-3AAE-4972-8D91-0A397B58BA1D}.Release|Any CPU.ActiveCfg = Release|Any CPU
		{67A62967-3AAE-4972-8D91-0A397B58BA1D}.Release|Any CPU.Build.0 = Release|Any CPU
		{8E23B6FE-5DE5-4D05-9407-94101256E491}.Debug|Any CPU.ActiveCfg = Debug|Any CPU
		{8E23B6FE-5DE5-4D05-9407-94101256E491}.Debug|Any CPU.Build.0 = Debug|Any CPU
		{8E23B6FE-5DE5-4D05-9407-94101256E491}.Release|Any CPU.ActiveCfg = Release|Any CPU
		{8E23B6FE-5DE5-4D05-9407-94101256E491}.Release|Any CPU.Build.0 = Release|Any CPU
		{B669E5AF-BE7E-4536-8D69-B93698E50B4D}.Debug|Any CPU.ActiveCfg = Debug|Any CPU
		{B669E5AF-BE7E-4536-8D69-B93698E50B4D}.Debug|Any CPU.Build.0 = Debug|Any CPU
		{B669E5AF-BE7E-4536-8D69-B93698E50B4D}.Release|Any CPU.ActiveCfg = Release|Any CPU
		{B669E5AF-BE7E-4536-8D69-B93698E50B4D}.Release|Any CPU.Build.0 = Release|Any CPU
		{74C355CE-73BE-4491-9CF2-39E25F6A6FAC}.Debug|Any CPU.ActiveCfg = Debug|Any CPU
		{74C355CE-73BE-4491-9CF2-39E25F6A6FAC}.Debug|Any CPU.Build.0 = Debug|Any CPU
		{74C355CE-73BE-4491-9CF2-39E25F6A6FAC}.Release|Any CPU.ActiveCfg = Release|Any CPU
		{74C355CE-73BE-4491-9CF2-39E25F6A6FAC}.Release|Any CPU.Build.0 = Release|Any CPU
		{59391063-4F47-4B0B-8EBE-46E47B328CAD}.Debug|Any CPU.ActiveCfg = Debug|Any CPU
		{59391063-4F47-4B0B-8EBE-46E47B328CAD}.Debug|Any CPU.Build.0 = Debug|Any CPU
		{59391063-4F47-4B0B-8EBE-46E47B328CAD}.Release|Any CPU.ActiveCfg = Release|Any CPU
		{59391063-4F47-4B0B-8EBE-46E47B328CAD}.Release|Any CPU.Build.0 = Release|Any CPU
	EndGlobalSection
	GlobalSection(SolutionProperties) = preSolution
		HideSolutionNode = FALSE
	EndGlobalSection
	GlobalSection(ExtensibilityGlobals) = postSolution
		SolutionGuid = {271DD031-B63C-4234-ABC4-224A0529081D}
	EndGlobalSection
EndGlobal
